<Solution>
  <Folder Name="/Solution Items/">
    <File Path="Directory.Packages.props" />
    <File Path="Directory.Build.props" />
    <File Path="global.json" />
  </Folder>
  <Project Path="LambdaTale.v3.Tests\LambdaTale.v3.Tests.csproj" Type="Classic C#" />
  <Project Path="LambdaTale.v3\LambdaTale.v3.csproj" Type="Classic C#" />
</Solution>